<?xml version="1.0" encoding="utf-8"?>
<Project ToolsVersion="4.0" xmlns="http://schemas.microsoft.com/developer/msbuild/2003">
  <ItemGroup>
    <Filter Include="Source Files">
      <UniqueIdentifier>{4FC737F1-C7A5-4376-A066-2A32D752A2FF}</UniqueIdentifier>
      <Extensions>cpp;c;cc;cxx;def;odl;idl;hpj;bat;asm;asmx</Extensions>
    </Filter>
    <Filter Include="Header Files">
      <UniqueIdentifier>{93995380-89BD-4b04-88EB-625FBE52EBFB}</UniqueIdentifier>
      <Extensions>h;hpp;hxx;hm;inl;inc;xsd</Extensions>
    </Filter>
    <Filter Include="Resource Files">
      <UniqueIdentifier>{67DA6AB6-F800-4c08-8B7A-83BB121AAD01}</UniqueIdentifier>
      <Extensions>rc;ico;cur;bmp;dlg;rc2;rct;bin;rgs;gif;jpg;jpeg;jpe;resx;tiff;tif;png;wav;mfcribbon-ms</Extensions>
    </Filter>
    <Filter Include="Header Files\Test">
      <UniqueIdentifier>{ad9a84ba-1500-4fbc-bda7-00dba15c5805}</UniqueIdentifier>
    </Filter>
    <Filter Include="Source Files\Test">
      <UniqueIdentifier>{e600a28a-db02-474e-9ffb-73fe104af471}</UniqueIdentifier>
    </Filter>
    <Filter Include="Header Files\Maths">
      <UniqueIdentifier>{5c69faba-d10c-4df0-b9af-36f901b7d691}</UniqueIdentifier>
    </Filter>
    <Filter Include="Header Files\Collision">
      <UniqueIdentifier>{76496c73-bf34-4a7a-b8e9-2c7fe42a90e2}</UniqueIdentifier>
    </Filter>
    <Filter Include="Header Files\Input">
      <UniqueIdentifier>{aae52164-0123-4d07-bace-3ffbb86a338b}</UniqueIdentifier>
    </Filter>
    <Filter Include="Header Files\Game">
      <UniqueIdentifier>{542658cd-820b-4ff8-9ab5-4a2c771eaaa5}</UniqueIdentifier>
    </Filter>
    <Filter Include="Header Files\OpenGL">
      <UniqueIdentifier>{046b0acc-cc6f-4508-92d1-d98423534767}</UniqueIdentifier>
    </Filter>
    <Filter Include="Header Files\ParticleEffects">
      <UniqueIdentifier>{fa88b5ad-117c-4f3f-a042-e73759472132}</UniqueIdentifier>
    </Filter>
    <Filter Include="Source Files\ParticleEffects">
      <UniqueIdentifier>{77f25637-41af-404d-bd9b-a6bebe410655}</UniqueIdentifier>
    </Filter>
    <Filter Include="Source Files\Collision">
      <UniqueIdentifier>{2d34fa16-615a-455e-9f2e-873fadcd5643}</UniqueIdentifier>
    </Filter>
    <Filter Include="Source Files\Game">
      <UniqueIdentifier>{7cf53595-2867-43ce-96a4-6817c2138e75}</UniqueIdentifier>
    </Filter>
    <Filter Include="Source Files\Input">
      <UniqueIdentifier>{cff8f05e-04b3-4303-96a4-258a3eef64cf}</UniqueIdentifier>
    </Filter>
    <Filter Include="Source Files\Maths">
      <UniqueIdentifier>{fc4576f7-9e94-4e60-877e-b75d331413ae}</UniqueIdentifier>
    </Filter>
    <Filter Include="Source Files\OpenGL">
      <UniqueIdentifier>{e86579a7-9b26-4dcf-98e1-7d0305dd0153}</UniqueIdentifier>
    </Filter>
  </ItemGroup>
  <ItemGroup>
    <ClCompile Include="..\..\SRC\FrameTimer.cpp">
      <Filter>Source Files</Filter>
    </ClCompile>
    <ClCompile Include="..\..\SRC\CRandom.cpp">
      <Filter>Source Files</Filter>
    </ClCompile>
    <ClCompile Include="..\..\SRC\Timer.cpp">
      <Filter>Source Files</Filter>
    </ClCompile>
    <ClCompile Include="..\..\SRC\ParticleEngine.cpp">
      <Filter>Source Files\ParticleEffects</Filter>
    </ClCompile>
    <ClCompile Include="..\..\SRC\PreLoader.cpp">
      <Filter>Source Files</Filter>
    </ClCompile>
    <ClCompile Include="..\..\SRC\CollisionManager.cpp">
      <Filter>Source Files\Collision</Filter>
    </ClCompile>
    <ClCompile Include="..\..\SRC\GameObject.cpp">
      <Filter>Source Files\Game</Filter>
    </ClCompile>
    <ClCompile Include="..\..\SRC\GameObjectType.cpp">
      <Filter>Source Files\Game</Filter>
    </ClCompile>
    <ClCompile Include="..\..\SRC\GameWorld.cpp">
      <Filter>Source Files\Game</Filter>
    </ClCompile>
    <ClCompile Include="..\..\SRC\InputManager.cpp">
      <Filter>Source Files\Input</Filter>
    </ClCompile>
    <ClCompile Include="..\..\SRC\Matrix4.cpp">
      <Filter>Source Files\Maths</Filter>
    </ClCompile>
    <ClCompile Include="..\..\SRC\Camera.cpp">
      <Filter>Source Files\OpenGL</Filter>
    </ClCompile>
    <ClCompile Include="..\..\SRC\GL2DBox.cpp">
      <Filter>Source Files\OpenGL</Filter>
    </ClCompile>
    <ClCompile Include="..\..\SRC\GL2DText.cpp">
      <Filter>Source Files\OpenGL</Filter>
    </ClCompile>
    <ClCompile Include="..\..\SRC\GLBox.cpp">
      <Filter>Source Files\OpenGL</Filter>
    </ClCompile>
    <ClCompile Include="..\..\SRC\GLFog.cpp">
      <Filter>Source Files\OpenGL</Filter>
    </ClCompile>
    <ClCompile Include="..\..\SRC\GLLight.cpp">
      <Filter>Source Files\OpenGL</Filter>
    </ClCompile>
    <ClCompile Include="..\..\SRC\GLText.cpp">
      <Filter>Source Files\OpenGL</Filter>
    </ClCompile>
    <ClCompile Include="..\..\SRC\GLTexture.cpp">
      <Filter>Source Files\OpenGL</Filter>
    </ClCompile>
    <ClCompile Include="..\..\SRC\GLWindow.cpp">
      <Filter>Source Files\OpenGL</Filter>
    </ClCompile>
    <ClCompile Include="..\..\SRC\Model_3DS.cpp">
      <Filter>Source Files\OpenGL</Filter>
    </ClCompile>
    <ClCompile Include="..\..\SRC\Graphics.cpp">
      <Filter>Source Files\OpenGL</Filter>
    </ClCompile>
    <ClCompile Include="..\..\SRC\Skybox.cpp">
      <Filter>Source Files\OpenGL</Filter>
    </ClCompile>
    <ClCompile Include="..\..\SRC\QaudTerrain.cpp">
      <Filter>Source Files\OpenGL</Filter>
    </ClCompile>
  </ItemGroup>
  <ItemGroup>
    <ClInclude Include="..\..\SRC\FrameTimer.h">
      <Filter>Header Files</Filter>
    </ClInclude>
    <ClInclude Include="..\..\SRC\GameUtil.h">
      <Filter>Header Files</Filter>
    </ClInclude>
    <ClInclude Include="..\..\SRC\SmartPtr.h">
      <Filter>Header Files</Filter>
    </ClInclude>
    <ClInclude Include="..\..\SRC\Exception.h">
      <Filter>Header Files</Filter>
    </ClInclude>
    <ClInclude Include="..\..\SRC\CRandom.h">
      <Filter>Header Files</Filter>
    </ClInclude>
    <ClInclude Include="..\..\SRC\Timer.h">
      <Filter>Header Files</Filter>
    </ClInclude>
    <ClInclude Include="..\..\SRC\GLVector.h">
      <Filter>Header Files\Maths</Filter>
    </ClInclude>
    <ClInclude Include="..\..\SRC\Matrix4.h">
      <Filter>Header Files\Maths</Filter>
    </ClInclude>
    <ClInclude Include="..\..\SRC\CollisionManager.h">
      <Filter>Header Files\Collision</Filter>
    </ClInclude>
    <ClInclude Include="..\..\SRC\BoundingShape.h">
      <Filter>Header Files\Collision</Filter>
    </ClInclude>
    <ClInclude Include="..\..\SRC\BoundingSphere.h">
      <Filter>Header Files\Collision</Filter>
    </ClInclude>
    <ClInclude Include="..\..\SRC\IKeyboardListener.h">
      <Filter>Header Files\Input</Filter>
    </ClInclude>
    <ClInclude Include="..\..\SRC\InputManager.h">
      <Filter>Header Files\Input</Filter>
    </ClInclude>
    <ClInclude Include="..\..\SRC\Entity.h">
      <Filter>Header Files\Game</Filter>
    </ClInclude>
    <ClInclude Include="..\..\SRC\GameObject.h">
      <Filter>Header Files\Game</Filter>
    </ClInclude>
    <ClInclude Include="..\..\SRC\GameObjectType.h">
      <Filter>Header Files\Game</Filter>
    </ClInclude>
    <ClInclude Include="..\..\SRC\GameWorld.h">
      <Filter>Header Files\Game</Filter>
    </ClInclude>
    <ClInclude Include="..\..\SRC\IMouseListener.h">
      <Filter>Header Files\Input</Filter>
    </ClInclude>
    <ClInclude Include="..\..\SRC\BoundingBox.h">
      <Filter>Header Files\Collision</Filter>
    </ClInclude>
    <ClInclude Include="..\..\SRC\IGameWorldListener.h">
      <Filter>Header Files\Game</Filter>
    </ClInclude>
    <ClInclude Include="..\..\SRC\GL2DText.h">
      <Filter>Header Files\OpenGL</Filter>
    </ClInclude>
    <ClInclude Include="..\..\SRC\GLBox.h">
      <Filter>Header Files\OpenGL</Filter>
    </ClInclude>
    <ClInclude Include="..\..\SRC\GLTexture.h">
      <Filter>Header Files\OpenGL</Filter>
    </ClInclude>
    <ClInclude Include="..\..\SRC\GLWindow.h">
      <Filter>Header Files\OpenGL</Filter>
    </ClInclude>
    <ClInclude Include="..\..\SRC\Model_3DS.h">
      <Filter>Header Files\OpenGL</Filter>
    </ClInclude>
    <ClInclude Include="..\..\SRC\GLFog.h">
      <Filter>Header Files\OpenGL</Filter>
    </ClInclude>
    <ClInclude Include="..\..\SRC\GLLight.h">
      <Filter>Header Files\OpenGL</Filter>
    </ClInclude>
    <ClInclude Include="..\..\SRC\GL2DBox.h">
      <Filter>Header Files\OpenGL</Filter>
    </ClInclude>
    <ClInclude Include="..\..\SRC\Particle.h">
      <Filter>Header Files\ParticleEffects</Filter>
    </ClInclude>
    <ClInclude Include="..\..\SRC\ParticleEngine.h">
      <Filter>Header Files\ParticleEffects</Filter>
    </ClInclude>
    <ClInclude Include="..\..\SRC\GLText.h">
      <Filter>Header Files\OpenGL</Filter>
    </ClInclude>
    <ClInclude Include="..\..\SRC\Camera.h">
      <Filter>Header Files\OpenGL</Filter>
    </ClInclude>
    <ClInclude Include="..\..\SRC\PreLoader.h">
      <Filter>Header Files</Filter>
    </ClInclude>
    <ClInclude Include="..\..\SRC\Graphics.h">
      <Filter>Header Files\OpenGL</Filter>
    </ClInclude>
    <ClInclude Include="..\..\SRC\Skybox.h">
      <Filter>Header Files\OpenGL</Filter>
    </ClInclude>
    <ClInclude Include="..\..\SRC\QuadTerrain.h">
      <Filter>Header Files\OpenGL</Filter>
    </ClInclude>
  </ItemGroup>
</Project>